
Microsoft Visual Studio Solution File, Format Version 12.00
# Visual Studio Version 17
VisualStudioVersion = 17.0.31903.59
MinimumVisualStudioVersion = 10.0.40219.1
Project("{9A19103F-16F7-4668-BE54-9A1E7A4F7556}") = "API", "API\API.csproj", "{23030405-532B-423F-94C2-94CFD077D4AD}"
EndProject
Project("{9A19103F-16F7-4668-BE54-9A1E7A4F7556}") = "Application", "Application\Application.csproj", "{E1F63AF7-40AB-4801-8CA7-04549043C63F}"
EndProject
Project("{9A19103F-16F7-4668-BE54-9A1E7A4F7556}") = "Domain", "Domain\Domain.csproj", "{5E98EA27-15DA-4FFE-9A3E-76D4DB7B073E}"
EndProject
Project("{9A19103F-16F7-4668-BE54-9A1E7A4F7556}") = "Persistence", "Persistence\Persistence.csproj", "{AA885284-C2C8-4412-887B-999B04DBC67A}"
EndProject
Project("{54A90642-561A-4BB1-A94E-469ADEE60C69}") = "client-app", "client-app\client-app.esproj", "{52BA8636-3CA6-4B70-A50F-71590B62C9A9}"
EndProject
Global
	GlobalSection(SolutionConfigurationPlatforms) = preSolution
		Debug|Any CPU = Debug|Any CPU
		Release|Any CPU = Release|Any CPU
	EndGlobalSection
	GlobalSection(ProjectConfigurationPlatforms) = postSolution
		{23030405-532B-423F-94C2-94CFD077D4AD}.Debug|Any CPU.ActiveCfg = Debug|Any CPU
		{23030405-532B-423F-94C2-94CFD077D4AD}.Debug|Any CPU.Build.0 = Debug|Any CPU
		{23030405-532B-423F-94C2-94CFD077D4AD}.Release|Any CPU.ActiveCfg = Release|Any CPU
		{23030405-532B-423F-94C2-94CFD077D4AD}.Release|Any CPU.Build.0 = Release|Any CPU
		{E1F63AF7-40AB-4801-8CA7-04549043C63F}.Debug|Any CPU.ActiveCfg = Debug|Any CPU
		{E1F63AF7-40AB-4801-8CA7-04549043C63F}.Debug|Any CPU.Build.0 = Debug|Any CPU
		{E1F63AF7-40AB-4801-8CA7-04549043C63F}.Release|Any CPU.ActiveCfg = Release|Any CPU
		{E1F63AF7-40AB-4801-8CA7-04549043C63F}.Release|Any CPU.Build.0 = Release|Any CPU
		{5E98EA27-15DA-4FFE-9A3E-76D4DB7B073E}.Debug|Any CPU.ActiveCfg = Debug|Any CPU
		{5E98EA27-15DA-4FFE-9A3E-76D4DB7B073E}.Debug|Any CPU.Build.0 = Debug|Any CPU
		{5E98EA27-15DA-4FFE-9A3E-76D4DB7B073E}.Release|Any CPU.ActiveCfg = Release|Any CPU
		{5E98EA27-15DA-4FFE-9A3E-76D4DB7B073E}.Release|Any CPU.Build.0 = Release|Any CPU
		{AA885284-C2C8-4412-887B-999B04DBC67A}.Debug|Any CPU.ActiveCfg = Debug|Any CPU
		{AA885284-C2C8-4412-887B-999B04DBC67A}.Debug|Any CPU.Build.0 = Debug|Any CPU
		{AA885284-C2C8-4412-887B-999B04DBC67A}.Release|Any CPU.ActiveCfg = Release|Any CPU
		{AA885284-C2C8-4412-887B-999B04DBC67A}.Release|Any CPU.Build.0 = Release|Any CPU
		{52BA8636-3CA6-4B70-A50F-71590B62C9A9}.Debug|Any CPU.ActiveCfg = Debug|Any CPU
		{52BA8636-3CA6-4B70-A50F-71590B62C9A9}.Debug|Any CPU.Build.0 = Debug|Any CPU
		{52BA8636-3CA6-4B70-A50F-71590B62C9A9}.Debug|Any CPU.Deploy.0 = Debug|Any CPU
		{52BA8636-3CA6-4B70-A50F-71590B62C9A9}.Release|Any CPU.ActiveCfg = Release|Any CPU
		{52BA8636-3CA6-4B70-A50F-71590B62C9A9}.Release|Any CPU.Build.0 = Release|Any CPU
		{52BA8636-3CA6-4B70-A50F-71590B62C9A9}.Release|Any CPU.Deploy.0 = Release|Any CPU
	EndGlobalSection
	GlobalSection(SolutionProperties) = preSolution
		HideSolutionNode = FALSE
	EndGlobalSection
	GlobalSection(ExtensibilityGlobals) = postSolution
		SolutionGuid = {99C4A083-2E59-4C08-A119-12C44E1CA724}
	EndGlobalSection
EndGlobal
